
Microsoft Visual Studio Solution File, Format Version 12.00
# Visual Studio Version 17
VisualStudioVersion = 17.14.36518.9
MinimumVisualStudioVersion = 10.0.40219.1
Project("{FAE04EC0-301F-11D3-BF4B-00C04F79EFBC}") = "PST", "PST.csproj", "{8FEE103A-1E76-4163-9B48-4291A4DDEF1A}"
EndProject
Global
	GlobalSection(SolutionConfigurationPlatforms) = preSolution
		Debug|Any CPU = Debug|Any CPU
		Release|Any CPU = Release|Any CPU
	EndGlobalSection
	GlobalSection(ProjectConfigurationPlatforms) = postSolution
		{8FEE103A-1E76-4163-9B48-4291A4DDEF1A}.Debug|Any CPU.ActiveCfg = Debug|Any CPU
		{8FEE103A-1E76-4163-9B48-4291A4DDEF1A}.Debug|Any CPU.Build.0 = Debug|Any CPU
		{8FEE103A-1E76-4163-9B48-4291A4DDEF1A}.Release|Any CPU.ActiveCfg = Debug|Any CPU
		{8FEE103A-1E76-4163-9B48-4291A4DDEF1A}.Release|Any CPU.Build.0 = Debug|Any CPU
	EndGlobalSection
	GlobalSection(SolutionProperties) = preSolution
		HideSolutionNode = FALSE
	EndGlobalSection
	GlobalSection(ExtensibilityGlobals) = postSolution
		SolutionGuid = {F63E03BC-5E03-4C3F-B366-5F2A5B832617}
	EndGlobalSection
EndGlobal
